
Microsoft Visual Studio Solution File, Format Version 12.00
# Visual Studio Version 17
VisualStudioVersion = 17.0.31611.283
MinimumVisualStudioVersion = 10.0.40219.1
Project("{9A19103F-16F7-4668-BE54-9A1E7A4F7556}") = "ACycle", "ACycle\ACycle.csproj", "{A708E886-F2E9-4F38-A9FF-6F9E031A764A}"
EndProject
Project("{9A19103F-16F7-4668-BE54-9A1E7A4F7556}") = "ACycle.UnitTests", "ACycle.UnitTests\ACycle.UnitTests.csproj", "{38A76794-61C0-416F-B471-4C68F7A10A30}"
EndProject
Project("{2150E333-8FDC-42A3-9474-1A3956D46DE8}") = "Solution Items", "Solution Items", "{4EC36E8D-5DE7-4DB4-A20B-2B870FC15379}"
	ProjectSection(SolutionItems) = preProject
		.editorconfig = .editorconfig
		ACycle.sln.vsspell = ACycle.sln.vsspell
		en-US_User.dic = en-US_User.dic
		README.md = README.md
		Set-App-Version.ps1 = Set-App-Version.ps1
	EndProjectSection
EndProject
Global
	GlobalSection(SolutionConfigurationPlatforms) = preSolution
		Debug|Any CPU = Debug|Any CPU
		Release|Any CPU = Release|Any CPU
	EndGlobalSection
	GlobalSection(ProjectConfigurationPlatforms) = postSolution
		{A708E886-F2E9-4F38-A9FF-6F9E031A764A}.Debug|Any CPU.ActiveCfg = Debug|Any CPU
		{A708E886-F2E9-4F38-A9FF-6F9E031A764A}.Debug|Any CPU.Build.0 = Debug|Any CPU
		{A708E886-F2E9-4F38-A9FF-6F9E031A764A}.Debug|Any CPU.Deploy.0 = Debug|Any CPU
		{A708E886-F2E9-4F38-A9FF-6F9E031A764A}.Release|Any CPU.ActiveCfg = Release|Any CPU
		{A708E886-F2E9-4F38-A9FF-6F9E031A764A}.Release|Any CPU.Build.0 = Release|Any CPU
		{A708E886-F2E9-4F38-A9FF-6F9E031A764A}.Release|Any CPU.Deploy.0 = Release|Any CPU
		{38A76794-61C0-416F-B471-4C68F7A10A30}.Debug|Any CPU.ActiveCfg = Debug|Any CPU
		{38A76794-61C0-416F-B471-4C68F7A10A30}.Debug|Any CPU.Build.0 = Debug|Any CPU
		{38A76794-61C0-416F-B471-4C68F7A10A30}.Release|Any CPU.ActiveCfg = Release|Any CPU
		{38A76794-61C0-416F-B471-4C68F7A10A30}.Release|Any CPU.Build.0 = Release|Any CPU
	EndGlobalSection
	GlobalSection(SolutionProperties) = preSolution
		HideSolutionNode = FALSE
	EndGlobalSection
	GlobalSection(ExtensibilityGlobals) = postSolution
		SolutionGuid = {61F7FB11-1E47-470C-91E2-47F8143E1572}
	EndGlobalSection
EndGlobal
